
Microsoft Visual Studio Solution File, Format Version 12.00
# Visual Studio 15
VisualStudioVersion = 15.0.27004.2002
MinimumVisualStudioVersion = 10.0.40219.1
Project("{FAE04EC0-301F-11D3-BF4B-00C04F79EFBC}") = "Zad1", "Zad1\Zad1.csproj", "{1D35C99B-BFEE-43FC-9926-61712BABAA5A}"
EndProject
Project("{FAE04EC0-301F-11D3-BF4B-00C04F79EFBC}") = "Zad2", "Zad2\Zad2.csproj", "{90DF26EB-1F2D-4301-BBD2-B6D0500412CD}"
EndProject
Global
	GlobalSection(SolutionConfigurationPlatforms) = preSolution
		Debug|Any CPU = Debug|Any CPU
		Release|Any CPU = Release|Any CPU
	EndGlobalSection
	GlobalSection(ProjectConfigurationPlatforms) = postSolution
		{1D35C99B-BFEE-43FC-9926-61712BABAA5A}.Debug|Any CPU.ActiveCfg = Debug|Any CPU
		{1D35C99B-BFEE-43FC-9926-61712BABAA5A}.Debug|Any CPU.Build.0 = Debug|Any CPU
		{1D35C99B-BFEE-43FC-9926-61712BABAA5A}.Release|Any CPU.ActiveCfg = Release|Any CPU
		{1D35C99B-BFEE-43FC-9926-61712BABAA5A}.Release|Any CPU.Build.0 = Release|Any CPU
		{90DF26EB-1F2D-4301-BBD2-B6D0500412CD}.Debug|Any CPU.ActiveCfg = Debug|Any CPU
		{90DF26EB-1F2D-4301-BBD2-B6D0500412CD}.Debug|Any CPU.Build.0 = Debug|Any CPU
		{90DF26EB-1F2D-4301-BBD2-B6D0500412CD}.Release|Any CPU.ActiveCfg = Release|Any CPU
		{90DF26EB-1F2D-4301-BBD2-B6D0500412CD}.Release|Any CPU.Build.0 = Release|Any CPU
	EndGlobalSection
	GlobalSection(SolutionProperties) = preSolution
		HideSolutionNode = FALSE
	EndGlobalSection
	GlobalSection(ExtensibilityGlobals) = postSolution
		SolutionGuid = {378EB2CC-BF55-48BE-8F4D-5B45E86E76DD}
	EndGlobalSection
EndGlobal
